
Microsoft Visual Studio Solution File, Format Version 12.00
# Visual Studio Version 17
VisualStudioVersion = 17.9.34723.18
MinimumVisualStudioVersion = 10.0.40219.1
Project("{FAE04EC0-301F-11D3-BF4B-00C04F79EFBC}") = "CalculadoraCalabresa", "CalculadoraCalabresa.csproj", "{9495842B-E0EC-4296-A5C7-87B4CA3D15B3}"
EndProject
Global
	GlobalSection(SolutionConfigurationPlatforms) = preSolution
		Debug|Any CPU = Debug|Any CPU
		Release|Any CPU = Release|Any CPU
	EndGlobalSection
	GlobalSection(ProjectConfigurationPlatforms) = postSolution
		{9495842B-E0EC-4296-A5C7-87B4CA3D15B3}.Debug|Any CPU.ActiveCfg = Debug|Any CPU
		{9495842B-E0EC-4296-A5C7-87B4CA3D15B3}.Debug|Any CPU.Build.0 = Debug|Any CPU
		{9495842B-E0EC-4296-A5C7-87B4CA3D15B3}.Release|Any CPU.ActiveCfg = Release|Any CPU
		{9495842B-E0EC-4296-A5C7-87B4CA3D15B3}.Release|Any CPU.Build.0 = Release|Any CPU
	EndGlobalSection
	GlobalSection(SolutionProperties) = preSolution
		HideSolutionNode = FALSE
	EndGlobalSection
	GlobalSection(ExtensibilityGlobals) = postSolution
		SolutionGuid = {99772943-7F9D-4FA0-9E15-7CB0090CC3F4}
	EndGlobalSection
EndGlobal
